# THIS IS AN AUTOGENERATED FILE. DO NOT EDIT THIS FILE DIRECTLY.
# yarn lockfile v1


"@types/wechat-miniprogram@^3.4.0":
  version "3.4.7"
  resolved "https://registry.npmmirror.com/@types/wechat-miniprogram/-/wechat-miniprogram-3.4.7.tgz"
  integrity sha512-X6SVOOaTPQN24lYBSV5jLuWyIedx8DGJnT0VUBnoNzJruhxotCL28ecGb7AO5JfXOXtHqSS5+CnJ70NxFxmisA==

"@vant/area-data@^1.5.1":
  version "1.5.1"
  resolved "https://registry.npmmirror.com/@vant/area-data/-/area-data-1.5.1.tgz#bdd943b9b569476cb04133a8323bd04aa35be2c2"
  integrity sha512-gR5TPEzTbxN1cTK1aDhCoyikSCLX7DAacxyXoKyI4SAsYYTZrDl/nLgQFIm9vLsvWzlPIda8xV8/U3x7M9k6ww==

"@vant/weapp@^1.11.5":
  version "1.11.5"
  resolved "https://registry.npmmirror.com/@vant/weapp/-/weapp-1.11.5.tgz"
  integrity sha512-F/yebMtysTaDrqpCyk6AdQrY3lDB7y5TXNwHtBarxtL2NZzoH+D6pBwz9nY+d0vCin0w0IH9kDF57yb/BP3mNA==

mobx-miniprogram-bindings@^2.1.5:
  version "2.1.5"
  resolved "https://registry.npmmirror.com/mobx-miniprogram-bindings/-/mobx-miniprogram-bindings-2.1.5.tgz"
  integrity sha512-2HuiQL5FPgoYJ8XIMdw5iD6XT61LtsujaGyizbN845iZcsLmrKZiF0dKd4jQTSuC/6rGozqqhcy0sDc7qcpjYQ==
  dependencies:
    "@types/wechat-miniprogram" "^3.4.0"

mobx-miniprogram@^4.13.2:
  version "4.13.2"
  resolved "https://registry.npmmirror.com/mobx-miniprogram/-/mobx-miniprogram-4.13.2.tgz"
  integrity sha512-C3HtkqHCLKp35N2gXA80yFD6PNfSqwioPFmnjTQpBLrEqYm1F6yiWZ57CW+8FqgmR306mw6ZfsM5q7hSTHw8BQ==

mobx@^6.12.3:
  version "6.12.3"
  resolved "https://registry.npmmirror.com/mobx/-/mobx-6.12.3.tgz"
  integrity sha512-c8NKkO4R2lShkSXZ2Ongj1ycjugjzFFo/UswHBnS62y07DMcTc9Rvo03/3nRyszIvwPNljlkd4S828zIBv/piw==

websocket-heartbeat-miniprogram@^1.0.3:
  version "1.0.3"
  resolved "https://registry.npmmirror.com/websocket-heartbeat-miniprogram/-/websocket-heartbeat-miniprogram-1.0.3.tgz"
  integrity sha512-oLxuIxrdBoPYH+bdoRuNOT3NcJ7dRRaRuJho4P7/KgXA464jQtyV+igeZLza9Vv12K23UjJ0ii6Xxmz3zIovcw==
